
Microsoft Visual Studio Solution File, Format Version 12.00
# Visual Studio Version 16
VisualStudioVersion = 16.0.29911.84
MinimumVisualStudioVersion = 10.0.40219.1
Project("{FAE04EC0-301F-11D3-BF4B-00C04F79EFBC}") = "MSA_Operator", "MSA_Operator\MSA_Operator.csproj", "{1C3CD928-189C-457D-AE72-3806C0CA5AA7}"
EndProject
Global
	GlobalSection(SolutionConfigurationPlatforms) = preSolution
		Debug|Any CPU = Debug|Any CPU
		Release|Any CPU = Release|Any CPU
	EndGlobalSection
	GlobalSection(ProjectConfigurationPlatforms) = postSolution
		{1C3CD928-189C-457D-AE72-3806C0CA5AA7}.Debug|Any CPU.ActiveCfg = Debug|Any CPU
		{1C3CD928-189C-457D-AE72-3806C0CA5AA7}.Debug|Any CPU.Build.0 = Debug|Any CPU
		{1C3CD928-189C-457D-AE72-3806C0CA5AA7}.Release|Any CPU.ActiveCfg = Release|Any CPU
		{1C3CD928-189C-457D-AE72-3806C0CA5AA7}.Release|Any CPU.Build.0 = Release|Any CPU
	EndGlobalSection
	GlobalSection(SolutionProperties) = preSolution
		HideSolutionNode = FALSE
	EndGlobalSection
	GlobalSection(ExtensibilityGlobals) = postSolution
		SolutionGuid = {F388BB89-FC91-4433-A9D5-2E3112092567}
	EndGlobalSection
EndGlobal
