
Microsoft Visual Studio Solution File, Format Version 12.00
# Visual Studio Version 16
VisualStudioVersion = 16.0.30011.22
MinimumVisualStudioVersion = 10.0.40219.1
Project("{FAE04EC0-301F-11D3-BF4B-00C04F79EFBC}") = "MSA_Operator", "MSA_Operator\MSA_Operator\MSA_Operator.csproj", "{6927BF56-6F92-49FB-9C06-8EA0733E3E4E}"
EndProject
Project("{2150E333-8FDC-42A3-9474-1A3956D46DE8}") = "Modules", "Modules", "{4FF06135-1076-4130-969F-58B15F167A75}"
EndProject
Project("{FAE04EC0-301F-11D3-BF4B-00C04F79EFBC}") = "Map", "MSA_Operator\Modules\Map\Map.csproj", "{20D2FF2B-B853-4A30-AE88-82D7D603A925}"
EndProject
Project("{FAE04EC0-301F-11D3-BF4B-00C04F79EFBC}") = "MovementButton", "MSA_Operator\Modules\MovementButton\MovementButton.csproj", "{EBE998E9-A323-421B-8C34-78D76844B0B6}"
EndProject
Project("{FAE04EC0-301F-11D3-BF4B-00C04F79EFBC}") = "Camera", "MSA_Operator\Modules\Camera\Camera.csproj", "{A6EE72DF-2886-4393-9FEF-819FC5EC79CB}"
EndProject
Project("{FAE04EC0-301F-11D3-BF4B-00C04F79EFBC}") = "Localization", "MSA_Operator\Modules\Localization\Localization.csproj", "{60A8649A-BCA1-488C-816C-A902F1DE4B18}"
EndProject
Project("{FAE04EC0-301F-11D3-BF4B-00C04F79EFBC}") = "Localize", "MSA_Operator\Modules\Localize\Localize.csproj", "{FBDA817D-15C6-4EE4-8AC9-35CFB217CE2A}"
EndProject
Project("{FAE04EC0-301F-11D3-BF4B-00C04F79EFBC}") = "StatusBar", "MSA_Operator\Modules\StatusBar\StatusBar.csproj", "{1354B534-5721-4B47-A3F7-C8D78E9AB20D}"
EndProject
Project("{2150E333-8FDC-42A3-9474-1A3956D46DE8}") = "Core", "Core", "{830146FF-4ABD-41DB-8B83-3C0D082C203D}"
EndProject
Project("{FAE04EC0-301F-11D3-BF4B-00C04F79EFBC}") = "MSAEventAggregator.Core", "MSA_Operator\Core\MSAEventAggregator.Core\MSAEventAggregator.Core.csproj", "{D24623F6-A4DB-4789-A540-7AFBE0DB0DCA}"
EndProject
Project("{FAE04EC0-301F-11D3-BF4B-00C04F79EFBC}") = "HamburgerMenu", "MSA_Operator\Modules\HamburgerMenu\HamburgerMenu.csproj", "{97A81CCD-CA61-48B9-A104-D7477AE156A0}"
EndProject
Project("{FAE04EC0-301F-11D3-BF4B-00C04F79EFBC}") = "ReturnHomeBtn", "MSA_Operator\Modules\ReturnHomeBtn\ReturnHomeBtn.csproj", "{3FA25F15-AC57-49B9-923B-7BDE802031E5}"
EndProject
Project("{FAE04EC0-301F-11D3-BF4B-00C04F79EFBC}") = "Login", "MSA_Operator\Modules\Login\Login.csproj", "{BD29FA18-F927-46CB-A153-F22D68287829}"
EndProject
Project("{2150E333-8FDC-42A3-9474-1A3956D46DE8}") = "Services", "Services", "{C27E5C6C-AA07-488C-AFB7-32F8C47D3798}"
EndProject
Project("{FAE04EC0-301F-11D3-BF4B-00C04F79EFBC}") = "MSAOperator.Services", "MSA_Operator\Services\MSAOperator.Services\MSAOperator.Services.csproj", "{24C3C060-924D-4FF5-B9DB-0391BA9586B8}"
EndProject
Project("{FAE04EC0-301F-11D3-BF4B-00C04F79EFBC}") = "RobotStatus", "MSA_Operator\Modules\RobotStatus\RobotStatus.csproj", "{527B3F14-F13C-498B-AA09-492E88B12859}"
EndProject
Global
	GlobalSection(SolutionConfigurationPlatforms) = preSolution
		Debug|Any CPU = Debug|Any CPU
		Debug|ARM = Debug|ARM
		Debug|ARM64 = Debug|ARM64
		Debug|x64 = Debug|x64
		Debug|x86 = Debug|x86
		Release|Any CPU = Release|Any CPU
		Release|ARM = Release|ARM
		Release|ARM64 = Release|ARM64
		Release|x64 = Release|x64
		Release|x86 = Release|x86
	EndGlobalSection
	GlobalSection(ProjectConfigurationPlatforms) = postSolution
		{6927BF56-6F92-49FB-9C06-8EA0733E3E4E}.Debug|Any CPU.ActiveCfg = Debug|Any CPU
		{6927BF56-6F92-49FB-9C06-8EA0733E3E4E}.Debug|Any CPU.Build.0 = Debug|Any CPU
		{6927BF56-6F92-49FB-9C06-8EA0733E3E4E}.Debug|ARM.ActiveCfg = Debug|Any CPU
		{6927BF56-6F92-49FB-9C06-8EA0733E3E4E}.Debug|ARM.Build.0 = Debug|Any CPU
		{6927BF56-6F92-49FB-9C06-8EA0733E3E4E}.Debug|ARM64.ActiveCfg = Debug|Any CPU
		{6927BF56-6F92-49FB-9C06-8EA0733E3E4E}.Debug|ARM64.Build.0 = Debug|Any CPU
		{6927BF56-6F92-49FB-9C06-8EA0733E3E4E}.Debug|x64.ActiveCfg = Debug|Any CPU
		{6927BF56-6F92-49FB-9C06-8EA0733E3E4E}.Debug|x64.Build.0 = Debug|Any CPU
		{6927BF56-6F92-49FB-9C06-8EA0733E3E4E}.Debug|x86.ActiveCfg = Debug|Any CPU
		{6927BF56-6F92-49FB-9C06-8EA0733E3E4E}.Debug|x86.Build.0 = Debug|Any CPU
		{6927BF56-6F92-49FB-9C06-8EA0733E3E4E}.Release|Any CPU.ActiveCfg = Release|Any CPU
		{6927BF56-6F92-49FB-9C06-8EA0733E3E4E}.Release|Any CPU.Build.0 = Release|Any CPU
		{6927BF56-6F92-49FB-9C06-8EA0733E3E4E}.Release|ARM.ActiveCfg = Release|Any CPU
		{6927BF56-6F92-49FB-9C06-8EA0733E3E4E}.Release|ARM.Build.0 = Release|Any CPU
		{6927BF56-6F92-49FB-9C06-8EA0733E3E4E}.Release|ARM64.ActiveCfg = Release|Any CPU
		{6927BF56-6F92-49FB-9C06-8EA0733E3E4E}.Release|ARM64.Build.0 = Release|Any CPU
		{6927BF56-6F92-49FB-9C06-8EA0733E3E4E}.Release|x64.ActiveCfg = Release|Any CPU
		{6927BF56-6F92-49FB-9C06-8EA0733E3E4E}.Release|x64.Build.0 = Release|Any CPU
		{6927BF56-6F92-49FB-9C06-8EA0733E3E4E}.Release|x86.ActiveCfg = Release|Any CPU
		{6927BF56-6F92-49FB-9C06-8EA0733E3E4E}.Release|x86.Build.0 = Release|Any CPU
		{20D2FF2B-B853-4A30-AE88-82D7D603A925}.Debug|Any CPU.ActiveCfg = Debug|Any CPU
		{20D2FF2B-B853-4A30-AE88-82D7D603A925}.Debug|Any CPU.Build.0 = Debug|Any CPU
		{20D2FF2B-B853-4A30-AE88-82D7D603A925}.Debug|ARM.ActiveCfg = Debug|Any CPU
		{20D2FF2B-B853-4A30-AE88-82D7D603A925}.Debug|ARM.Build.0 = Debug|Any CPU
		{20D2FF2B-B853-4A30-AE88-82D7D603A925}.Debug|ARM64.ActiveCfg = Debug|Any CPU
		{20D2FF2B-B853-4A30-AE88-82D7D603A925}.Debug|ARM64.Build.0 = Debug|Any CPU
		{20D2FF2B-B853-4A30-AE88-82D7D603A925}.Debug|x64.ActiveCfg = Debug|Any CPU
		{20D2FF2B-B853-4A30-AE88-82D7D603A925}.Debug|x64.Build.0 = Debug|Any CPU
		{20D2FF2B-B853-4A30-AE88-82D7D603A925}.Debug|x86.ActiveCfg = Debug|Any CPU
		{20D2FF2B-B853-4A30-AE88-82D7D603A925}.Debug|x86.Build.0 = Debug|Any CPU
		{20D2FF2B-B853-4A30-AE88-82D7D603A925}.Release|Any CPU.ActiveCfg = Release|Any CPU
		{20D2FF2B-B853-4A30-AE88-82D7D603A925}.Release|Any CPU.Build.0 = Release|Any CPU
		{20D2FF2B-B853-4A30-AE88-82D7D603A925}.Release|ARM.ActiveCfg = Release|Any CPU
		{20D2FF2B-B853-4A30-AE88-82D7D603A925}.Release|ARM.Build.0 = Release|Any CPU
		{20D2FF2B-B853-4A30-AE88-82D7D603A925}.Release|ARM64.ActiveCfg = Release|Any CPU
		{20D2FF2B-B853-4A30-AE88-82D7D603A925}.Release|ARM64.Build.0 = Release|Any CPU
		{20D2FF2B-B853-4A30-AE88-82D7D603A925}.Release|x64.ActiveCfg = Release|Any CPU
		{20D2FF2B-B853-4A30-AE88-82D7D603A925}.Release|x64.Build.0 = Release|Any CPU
		{20D2FF2B-B853-4A30-AE88-82D7D603A925}.Release|x86.ActiveCfg = Release|Any CPU
		{20D2FF2B-B853-4A30-AE88-82D7D603A925}.Release|x86.Build.0 = Release|Any CPU
		{EBE998E9-A323-421B-8C34-78D76844B0B6}.Debug|Any CPU.ActiveCfg = Debug|Any CPU
		{EBE998E9-A323-421B-8C34-78D76844B0B6}.Debug|Any CPU.Build.0 = Debug|Any CPU
		{EBE998E9-A323-421B-8C34-78D76844B0B6}.Debug|ARM.ActiveCfg = Debug|Any CPU
		{EBE998E9-A323-421B-8C34-78D76844B0B6}.Debug|ARM.Build.0 = Debug|Any CPU
		{EBE998E9-A323-421B-8C34-78D76844B0B6}.Debug|ARM64.ActiveCfg = Debug|Any CPU
		{EBE998E9-A323-421B-8C34-78D76844B0B6}.Debug|ARM64.Build.0 = Debug|Any CPU
		{EBE998E9-A323-421B-8C34-78D76844B0B6}.Debug|x64.ActiveCfg = Debug|Any CPU
		{EBE998E9-A323-421B-8C34-78D76844B0B6}.Debug|x64.Build.0 = Debug|Any CPU
		{EBE998E9-A323-421B-8C34-78D76844B0B6}.Debug|x86.ActiveCfg = Debug|Any CPU
		{EBE998E9-A323-421B-8C34-78D76844B0B6}.Debug|x86.Build.0 = Debug|Any CPU
		{EBE998E9-A323-421B-8C34-78D76844B0B6}.Release|Any CPU.ActiveCfg = Release|Any CPU
		{EBE998E9-A323-421B-8C34-78D76844B0B6}.Release|Any CPU.Build.0 = Release|Any CPU
		{EBE998E9-A323-421B-8C34-78D76844B0B6}.Release|ARM.ActiveCfg = Release|Any CPU
		{EBE998E9-A323-421B-8C34-78D76844B0B6}.Release|ARM.Build.0 = Release|Any CPU
		{EBE998E9-A323-421B-8C34-78D76844B0B6}.Release|ARM64.ActiveCfg = Release|Any CPU
		{EBE998E9-A323-421B-8C34-78D76844B0B6}.Release|ARM64.Build.0 = Release|Any CPU
		{EBE998E9-A323-421B-8C34-78D76844B0B6}.Release|x64.ActiveCfg = Release|Any CPU
		{EBE998E9-A323-421B-8C34-78D76844B0B6}.Release|x64.Build.0 = Release|Any CPU
		{EBE998E9-A323-421B-8C34-78D76844B0B6}.Release|x86.ActiveCfg = Release|Any CPU
		{EBE998E9-A323-421B-8C34-78D76844B0B6}.Release|x86.Build.0 = Release|Any CPU
		{A6EE72DF-2886-4393-9FEF-819FC5EC79CB}.Debug|Any CPU.ActiveCfg = Debug|Any CPU
		{A6EE72DF-2886-4393-9FEF-819FC5EC79CB}.Debug|Any CPU.Build.0 = Debug|Any CPU
		{A6EE72DF-2886-4393-9FEF-819FC5EC79CB}.Debug|ARM.ActiveCfg = Debug|Any CPU
		{A6EE72DF-2886-4393-9FEF-819FC5EC79CB}.Debug|ARM.Build.0 = Debug|Any CPU
		{A6EE72DF-2886-4393-9FEF-819FC5EC79CB}.Debug|ARM64.ActiveCfg = Debug|Any CPU
		{A6EE72DF-2886-4393-9FEF-819FC5EC79CB}.Debug|ARM64.Build.0 = Debug|Any CPU
		{A6EE72DF-2886-4393-9FEF-819FC5EC79CB}.Debug|x64.ActiveCfg = Debug|Any CPU
		{A6EE72DF-2886-4393-9FEF-819FC5EC79CB}.Debug|x64.Build.0 = Debug|Any CPU
		{A6EE72DF-2886-4393-9FEF-819FC5EC79CB}.Debug|x86.ActiveCfg = Debug|Any CPU
		{A6EE72DF-2886-4393-9FEF-819FC5EC79CB}.Debug|x86.Build.0 = Debug|Any CPU
		{A6EE72DF-2886-4393-9FEF-819FC5EC79CB}.Release|Any CPU.ActiveCfg = Release|Any CPU
		{A6EE72DF-2886-4393-9FEF-819FC5EC79CB}.Release|Any CPU.Build.0 = Release|Any CPU
		{A6EE72DF-2886-4393-9FEF-819FC5EC79CB}.Release|ARM.ActiveCfg = Release|Any CPU
		{A6EE72DF-2886-4393-9FEF-819FC5EC79CB}.Release|ARM.Build.0 = Release|Any CPU
		{A6EE72DF-2886-4393-9FEF-819FC5EC79CB}.Release|ARM64.ActiveCfg = Release|Any CPU
		{A6EE72DF-2886-4393-9FEF-819FC5EC79CB}.Release|ARM64.Build.0 = Release|Any CPU
		{A6EE72DF-2886-4393-9FEF-819FC5EC79CB}.Release|x64.ActiveCfg = Release|Any CPU
		{A6EE72DF-2886-4393-9FEF-819FC5EC79CB}.Release|x64.Build.0 = Release|Any CPU
		{A6EE72DF-2886-4393-9FEF-819FC5EC79CB}.Release|x86.ActiveCfg = Release|Any CPU
		{A6EE72DF-2886-4393-9FEF-819FC5EC79CB}.Release|x86.Build.0 = Release|Any CPU
		{60A8649A-BCA1-488C-816C-A902F1DE4B18}.Debug|Any CPU.ActiveCfg = Debug|Any CPU
		{60A8649A-BCA1-488C-816C-A902F1DE4B18}.Debug|Any CPU.Build.0 = Debug|Any CPU
		{60A8649A-BCA1-488C-816C-A902F1DE4B18}.Debug|ARM.ActiveCfg = Debug|Any CPU
		{60A8649A-BCA1-488C-816C-A902F1DE4B18}.Debug|ARM.Build.0 = Debug|Any CPU
		{60A8649A-BCA1-488C-816C-A902F1DE4B18}.Debug|ARM64.ActiveCfg = Debug|Any CPU
		{60A8649A-BCA1-488C-816C-A902F1DE4B18}.Debug|ARM64.Build.0 = Debug|Any CPU
		{60A8649A-BCA1-488C-816C-A902F1DE4B18}.Debug|x64.ActiveCfg = Debug|Any CPU
		{60A8649A-BCA1-488C-816C-A902F1DE4B18}.Debug|x64.Build.0 = Debug|Any CPU
		{60A8649A-BCA1-488C-816C-A902F1DE4B18}.Debug|x86.ActiveCfg = Debug|Any CPU
		{60A8649A-BCA1-488C-816C-A902F1DE4B18}.Debug|x86.Build.0 = Debug|Any CPU
		{60A8649A-BCA1-488C-816C-A902F1DE4B18}.Release|Any CPU.ActiveCfg = Release|Any CPU
		{60A8649A-BCA1-488C-816C-A902F1DE4B18}.Release|Any CPU.Build.0 = Release|Any CPU
		{60A8649A-BCA1-488C-816C-A902F1DE4B18}.Release|ARM.ActiveCfg = Release|Any CPU
		{60A8649A-BCA1-488C-816C-A902F1DE4B18}.Release|ARM.Build.0 = Release|Any CPU
		{60A8649A-BCA1-488C-816C-A902F1DE4B18}.Release|ARM64.ActiveCfg = Release|Any CPU
		{60A8649A-BCA1-488C-816C-A902F1DE4B18}.Release|ARM64.Build.0 = Release|Any CPU
		{60A8649A-BCA1-488C-816C-A902F1DE4B18}.Release|x64.ActiveCfg = Release|Any CPU
		{60A8649A-BCA1-488C-816C-A902F1DE4B18}.Release|x64.Build.0 = Release|Any CPU
		{60A8649A-BCA1-488C-816C-A902F1DE4B18}.Release|x86.ActiveCfg = Release|Any CPU
		{60A8649A-BCA1-488C-816C-A902F1DE4B18}.Release|x86.Build.0 = Release|Any CPU
		{FBDA817D-15C6-4EE4-8AC9-35CFB217CE2A}.Debug|Any CPU.ActiveCfg = Debug|Any CPU
		{FBDA817D-15C6-4EE4-8AC9-35CFB217CE2A}.Debug|Any CPU.Build.0 = Debug|Any CPU
		{FBDA817D-15C6-4EE4-8AC9-35CFB217CE2A}.Debug|ARM.ActiveCfg = Debug|Any CPU
		{FBDA817D-15C6-4EE4-8AC9-35CFB217CE2A}.Debug|ARM.Build.0 = Debug|Any CPU
		{FBDA817D-15C6-4EE4-8AC9-35CFB217CE2A}.Debug|ARM64.ActiveCfg = Debug|Any CPU
		{FBDA817D-15C6-4EE4-8AC9-35CFB217CE2A}.Debug|ARM64.Build.0 = Debug|Any CPU
		{FBDA817D-15C6-4EE4-8AC9-35CFB217CE2A}.Debug|x64.ActiveCfg = Debug|Any CPU
		{FBDA817D-15C6-4EE4-8AC9-35CFB217CE2A}.Debug|x64.Build.0 = Debug|Any CPU
		{FBDA817D-15C6-4EE4-8AC9-35CFB217CE2A}.Debug|x86.ActiveCfg = Debug|Any CPU
		{FBDA817D-15C6-4EE4-8AC9-35CFB217CE2A}.Debug|x86.Build.0 = Debug|Any CPU
		{FBDA817D-15C6-4EE4-8AC9-35CFB217CE2A}.Release|Any CPU.ActiveCfg = Release|Any CPU
		{FBDA817D-15C6-4EE4-8AC9-35CFB217CE2A}.Release|Any CPU.Build.0 = Release|Any CPU
		{FBDA817D-15C6-4EE4-8AC9-35CFB217CE2A}.Release|ARM.ActiveCfg = Release|Any CPU
		{FBDA817D-15C6-4EE4-8AC9-35CFB217CE2A}.Release|ARM.Build.0 = Release|Any CPU
		{FBDA817D-15C6-4EE4-8AC9-35CFB217CE2A}.Release|ARM64.ActiveCfg = Release|Any CPU
		{FBDA817D-15C6-4EE4-8AC9-35CFB217CE2A}.Release|ARM64.Build.0 = Release|Any CPU
		{FBDA817D-15C6-4EE4-8AC9-35CFB217CE2A}.Release|x64.ActiveCfg = Release|Any CPU
		{FBDA817D-15C6-4EE4-8AC9-35CFB217CE2A}.Release|x64.Build.0 = Release|Any CPU
		{FBDA817D-15C6-4EE4-8AC9-35CFB217CE2A}.Release|x86.ActiveCfg = Release|Any CPU
		{FBDA817D-15C6-4EE4-8AC9-35CFB217CE2A}.Release|x86.Build.0 = Release|Any CPU
		{1354B534-5721-4B47-A3F7-C8D78E9AB20D}.Debug|Any CPU.ActiveCfg = Debug|Any CPU
		{1354B534-5721-4B47-A3F7-C8D78E9AB20D}.Debug|Any CPU.Build.0 = Debug|Any CPU
		{1354B534-5721-4B47-A3F7-C8D78E9AB20D}.Debug|ARM.ActiveCfg = Debug|Any CPU
		{1354B534-5721-4B47-A3F7-C8D78E9AB20D}.Debug|ARM.Build.0 = Debug|Any CPU
		{1354B534-5721-4B47-A3F7-C8D78E9AB20D}.Debug|ARM64.ActiveCfg = Debug|Any CPU
		{1354B534-5721-4B47-A3F7-C8D78E9AB20D}.Debug|ARM64.Build.0 = Debug|Any CPU
		{1354B534-5721-4B47-A3F7-C8D78E9AB20D}.Debug|x64.ActiveCfg = Debug|Any CPU
		{1354B534-5721-4B47-A3F7-C8D78E9AB20D}.Debug|x64.Build.0 = Debug|Any CPU
		{1354B534-5721-4B47-A3F7-C8D78E9AB20D}.Debug|x86.ActiveCfg = Debug|Any CPU
		{1354B534-5721-4B47-A3F7-C8D78E9AB20D}.Debug|x86.Build.0 = Debug|Any CPU
		{1354B534-5721-4B47-A3F7-C8D78E9AB20D}.Release|Any CPU.ActiveCfg = Release|Any CPU
		{1354B534-5721-4B47-A3F7-C8D78E9AB20D}.Release|Any CPU.Build.0 = Release|Any CPU
		{1354B534-5721-4B47-A3F7-C8D78E9AB20D}.Release|ARM.ActiveCfg = Release|Any CPU
		{1354B534-5721-4B47-A3F7-C8D78E9AB20D}.Release|ARM.Build.0 = Release|Any CPU
		{1354B534-5721-4B47-A3F7-C8D78E9AB20D}.Release|ARM64.ActiveCfg = Release|Any CPU
		{1354B534-5721-4B47-A3F7-C8D78E9AB20D}.Release|ARM64.Build.0 = Release|Any CPU
		{1354B534-5721-4B47-A3F7-C8D78E9AB20D}.Release|x64.ActiveCfg = Release|Any CPU
		{1354B534-5721-4B47-A3F7-C8D78E9AB20D}.Release|x64.Build.0 = Release|Any CPU
		{1354B534-5721-4B47-A3F7-C8D78E9AB20D}.Release|x86.ActiveCfg = Release|Any CPU
		{1354B534-5721-4B47-A3F7-C8D78E9AB20D}.Release|x86.Build.0 = Release|Any CPU
		{D24623F6-A4DB-4789-A540-7AFBE0DB0DCA}.Debug|Any CPU.ActiveCfg = Debug|Any CPU
		{D24623F6-A4DB-4789-A540-7AFBE0DB0DCA}.Debug|Any CPU.Build.0 = Debug|Any CPU
		{D24623F6-A4DB-4789-A540-7AFBE0DB0DCA}.Debug|ARM.ActiveCfg = Debug|Any CPU
		{D24623F6-A4DB-4789-A540-7AFBE0DB0DCA}.Debug|ARM.Build.0 = Debug|Any CPU
		{D24623F6-A4DB-4789-A540-7AFBE0DB0DCA}.Debug|ARM64.ActiveCfg = Debug|Any CPU
		{D24623F6-A4DB-4789-A540-7AFBE0DB0DCA}.Debug|ARM64.Build.0 = Debug|Any CPU
		{D24623F6-A4DB-4789-A540-7AFBE0DB0DCA}.Debug|x64.ActiveCfg = Debug|Any CPU
		{D24623F6-A4DB-4789-A540-7AFBE0DB0DCA}.Debug|x64.Build.0 = Debug|Any CPU
		{D24623F6-A4DB-4789-A540-7AFBE0DB0DCA}.Debug|x86.ActiveCfg = Debug|Any CPU
		{D24623F6-A4DB-4789-A540-7AFBE0DB0DCA}.Debug|x86.Build.0 = Debug|Any CPU
		{D24623F6-A4DB-4789-A540-7AFBE0DB0DCA}.Release|Any CPU.ActiveCfg = Release|Any CPU
		{D24623F6-A4DB-4789-A540-7AFBE0DB0DCA}.Release|Any CPU.Build.0 = Release|Any CPU
		{D24623F6-A4DB-4789-A540-7AFBE0DB0DCA}.Release|ARM.ActiveCfg = Release|Any CPU
		{D24623F6-A4DB-4789-A540-7AFBE0DB0DCA}.Release|ARM.Build.0 = Release|Any CPU
		{D24623F6-A4DB-4789-A540-7AFBE0DB0DCA}.Release|ARM64.ActiveCfg = Release|Any CPU
		{D24623F6-A4DB-4789-A540-7AFBE0DB0DCA}.Release|ARM64.Build.0 = Release|Any CPU
		{D24623F6-A4DB-4789-A540-7AFBE0DB0DCA}.Release|x64.ActiveCfg = Release|Any CPU
		{D24623F6-A4DB-4789-A540-7AFBE0DB0DCA}.Release|x64.Build.0 = Release|Any CPU
		{D24623F6-A4DB-4789-A540-7AFBE0DB0DCA}.Release|x86.ActiveCfg = Release|Any CPU
		{D24623F6-A4DB-4789-A540-7AFBE0DB0DCA}.Release|x86.Build.0 = Release|Any CPU
		{97A81CCD-CA61-48B9-A104-D7477AE156A0}.Debug|Any CPU.ActiveCfg = Debug|Any CPU
		{97A81CCD-CA61-48B9-A104-D7477AE156A0}.Debug|Any CPU.Build.0 = Debug|Any CPU
		{97A81CCD-CA61-48B9-A104-D7477AE156A0}.Debug|ARM.ActiveCfg = Debug|Any CPU
		{97A81CCD-CA61-48B9-A104-D7477AE156A0}.Debug|ARM.Build.0 = Debug|Any CPU
		{97A81CCD-CA61-48B9-A104-D7477AE156A0}.Debug|ARM64.ActiveCfg = Debug|Any CPU
		{97A81CCD-CA61-48B9-A104-D7477AE156A0}.Debug|ARM64.Build.0 = Debug|Any CPU
		{97A81CCD-CA61-48B9-A104-D7477AE156A0}.Debug|x64.ActiveCfg = Debug|Any CPU
		{97A81CCD-CA61-48B9-A104-D7477AE156A0}.Debug|x64.Build.0 = Debug|Any CPU
		{97A81CCD-CA61-48B9-A104-D7477AE156A0}.Debug|x86.ActiveCfg = Debug|Any CPU
		{97A81CCD-CA61-48B9-A104-D7477AE156A0}.Debug|x86.Build.0 = Debug|Any CPU
		{97A81CCD-CA61-48B9-A104-D7477AE156A0}.Release|Any CPU.ActiveCfg = Release|Any CPU
		{97A81CCD-CA61-48B9-A104-D7477AE156A0}.Release|Any CPU.Build.0 = Release|Any CPU
		{97A81CCD-CA61-48B9-A104-D7477AE156A0}.Release|ARM.ActiveCfg = Release|Any CPU
		{97A81CCD-CA61-48B9-A104-D7477AE156A0}.Release|ARM.Build.0 = Release|Any CPU
		{97A81CCD-CA61-48B9-A104-D7477AE156A0}.Release|ARM64.ActiveCfg = Release|Any CPU
		{97A81CCD-CA61-48B9-A104-D7477AE156A0}.Release|ARM64.Build.0 = Release|Any CPU
		{97A81CCD-CA61-48B9-A104-D7477AE156A0}.Release|x64.ActiveCfg = Release|Any CPU
		{97A81CCD-CA61-48B9-A104-D7477AE156A0}.Release|x64.Build.0 = Release|Any CPU
		{97A81CCD-CA61-48B9-A104-D7477AE156A0}.Release|x86.ActiveCfg = Release|Any CPU
		{97A81CCD-CA61-48B9-A104-D7477AE156A0}.Release|x86.Build.0 = Release|Any CPU
		{3FA25F15-AC57-49B9-923B-7BDE802031E5}.Debug|Any CPU.ActiveCfg = Debug|Any CPU
		{3FA25F15-AC57-49B9-923B-7BDE802031E5}.Debug|Any CPU.Build.0 = Debug|Any CPU
		{3FA25F15-AC57-49B9-923B-7BDE802031E5}.Debug|ARM.ActiveCfg = Debug|Any CPU
		{3FA25F15-AC57-49B9-923B-7BDE802031E5}.Debug|ARM.Build.0 = Debug|Any CPU
		{3FA25F15-AC57-49B9-923B-7BDE802031E5}.Debug|ARM64.ActiveCfg = Debug|Any CPU
		{3FA25F15-AC57-49B9-923B-7BDE802031E5}.Debug|ARM64.Build.0 = Debug|Any CPU
		{3FA25F15-AC57-49B9-923B-7BDE802031E5}.Debug|x64.ActiveCfg = Debug|Any CPU
		{3FA25F15-AC57-49B9-923B-7BDE802031E5}.Debug|x64.Build.0 = Debug|Any CPU
		{3FA25F15-AC57-49B9-923B-7BDE802031E5}.Debug|x86.ActiveCfg = Debug|Any CPU
		{3FA25F15-AC57-49B9-923B-7BDE802031E5}.Debug|x86.Build.0 = Debug|Any CPU
		{3FA25F15-AC57-49B9-923B-7BDE802031E5}.Release|Any CPU.ActiveCfg = Release|Any CPU
		{3FA25F15-AC57-49B9-923B-7BDE802031E5}.Release|Any CPU.Build.0 = Release|Any CPU
		{3FA25F15-AC57-49B9-923B-7BDE802031E5}.Release|ARM.ActiveCfg = Release|Any CPU
		{3FA25F15-AC57-49B9-923B-7BDE802031E5}.Release|ARM.Build.0 = Release|Any CPU
		{3FA25F15-AC57-49B9-923B-7BDE802031E5}.Release|ARM64.ActiveCfg = Release|Any CPU
		{3FA25F15-AC57-49B9-923B-7BDE802031E5}.Release|ARM64.Build.0 = Release|Any CPU
		{3FA25F15-AC57-49B9-923B-7BDE802031E5}.Release|x64.ActiveCfg = Release|Any CPU
		{3FA25F15-AC57-49B9-923B-7BDE802031E5}.Release|x64.Build.0 = Release|Any CPU
		{3FA25F15-AC57-49B9-923B-7BDE802031E5}.Release|x86.ActiveCfg = Release|Any CPU
		{3FA25F15-AC57-49B9-923B-7BDE802031E5}.Release|x86.Build.0 = Release|Any CPU
		{BD29FA18-F927-46CB-A153-F22D68287829}.Debug|Any CPU.ActiveCfg = Debug|Any CPU
		{BD29FA18-F927-46CB-A153-F22D68287829}.Debug|Any CPU.Build.0 = Debug|Any CPU
		{BD29FA18-F927-46CB-A153-F22D68287829}.Debug|ARM.ActiveCfg = Debug|Any CPU
		{BD29FA18-F927-46CB-A153-F22D68287829}.Debug|ARM.Build.0 = Debug|Any CPU
		{BD29FA18-F927-46CB-A153-F22D68287829}.Debug|ARM64.ActiveCfg = Debug|Any CPU
		{BD29FA18-F927-46CB-A153-F22D68287829}.Debug|ARM64.Build.0 = Debug|Any CPU
		{BD29FA18-F927-46CB-A153-F22D68287829}.Debug|x64.ActiveCfg = Debug|Any CPU
		{BD29FA18-F927-46CB-A153-F22D68287829}.Debug|x64.Build.0 = Debug|Any CPU
		{BD29FA18-F927-46CB-A153-F22D68287829}.Debug|x86.ActiveCfg = Debug|Any CPU
		{BD29FA18-F927-46CB-A153-F22D68287829}.Debug|x86.Build.0 = Debug|Any CPU
		{BD29FA18-F927-46CB-A153-F22D68287829}.Release|Any CPU.ActiveCfg = Release|Any CPU
		{BD29FA18-F927-46CB-A153-F22D68287829}.Release|Any CPU.Build.0 = Release|Any CPU
		{BD29FA18-F927-46CB-A153-F22D68287829}.Release|ARM.ActiveCfg = Release|Any CPU
		{BD29FA18-F927-46CB-A153-F22D68287829}.Release|ARM.Build.0 = Release|Any CPU
		{BD29FA18-F927-46CB-A153-F22D68287829}.Release|ARM64.ActiveCfg = Release|Any CPU
		{BD29FA18-F927-46CB-A153-F22D68287829}.Release|ARM64.Build.0 = Release|Any CPU
		{BD29FA18-F927-46CB-A153-F22D68287829}.Release|x64.ActiveCfg = Release|Any CPU
		{BD29FA18-F927-46CB-A153-F22D68287829}.Release|x64.Build.0 = Release|Any CPU
		{BD29FA18-F927-46CB-A153-F22D68287829}.Release|x86.ActiveCfg = Release|Any CPU
		{BD29FA18-F927-46CB-A153-F22D68287829}.Release|x86.Build.0 = Release|Any CPU
		{24C3C060-924D-4FF5-B9DB-0391BA9586B8}.Debug|Any CPU.ActiveCfg = Debug|Any CPU
		{24C3C060-924D-4FF5-B9DB-0391BA9586B8}.Debug|Any CPU.Build.0 = Debug|Any CPU
		{24C3C060-924D-4FF5-B9DB-0391BA9586B8}.Debug|ARM.ActiveCfg = Debug|Any CPU
		{24C3C060-924D-4FF5-B9DB-0391BA9586B8}.Debug|ARM.Build.0 = Debug|Any CPU
		{24C3C060-924D-4FF5-B9DB-0391BA9586B8}.Debug|ARM64.ActiveCfg = Debug|Any CPU
		{24C3C060-924D-4FF5-B9DB-0391BA9586B8}.Debug|ARM64.Build.0 = Debug|Any CPU
		{24C3C060-924D-4FF5-B9DB-0391BA9586B8}.Debug|x64.ActiveCfg = Debug|Any CPU
		{24C3C060-924D-4FF5-B9DB-0391BA9586B8}.Debug|x64.Build.0 = Debug|Any CPU
		{24C3C060-924D-4FF5-B9DB-0391BA9586B8}.Debug|x86.ActiveCfg = Debug|Any CPU
		{24C3C060-924D-4FF5-B9DB-0391BA9586B8}.Debug|x86.Build.0 = Debug|Any CPU
		{24C3C060-924D-4FF5-B9DB-0391BA9586B8}.Release|Any CPU.ActiveCfg = Release|Any CPU
		{24C3C060-924D-4FF5-B9DB-0391BA9586B8}.Release|Any CPU.Build.0 = Release|Any CPU
		{24C3C060-924D-4FF5-B9DB-0391BA9586B8}.Release|ARM.ActiveCfg = Release|Any CPU
		{24C3C060-924D-4FF5-B9DB-0391BA9586B8}.Release|ARM.Build.0 = Release|Any CPU
		{24C3C060-924D-4FF5-B9DB-0391BA9586B8}.Release|ARM64.ActiveCfg = Release|Any CPU
		{24C3C060-924D-4FF5-B9DB-0391BA9586B8}.Release|ARM64.Build.0 = Release|Any CPU
		{24C3C060-924D-4FF5-B9DB-0391BA9586B8}.Release|x64.ActiveCfg = Release|Any CPU
		{24C3C060-924D-4FF5-B9DB-0391BA9586B8}.Release|x64.Build.0 = Release|Any CPU
		{24C3C060-924D-4FF5-B9DB-0391BA9586B8}.Release|x86.ActiveCfg = Release|Any CPU
		{24C3C060-924D-4FF5-B9DB-0391BA9586B8}.Release|x86.Build.0 = Release|Any CPU
		{527B3F14-F13C-498B-AA09-492E88B12859}.Debug|Any CPU.ActiveCfg = Debug|Any CPU
		{527B3F14-F13C-498B-AA09-492E88B12859}.Debug|Any CPU.Build.0 = Debug|Any CPU
		{527B3F14-F13C-498B-AA09-492E88B12859}.Debug|ARM.ActiveCfg = Debug|Any CPU
		{527B3F14-F13C-498B-AA09-492E88B12859}.Debug|ARM.Build.0 = Debug|Any CPU
		{527B3F14-F13C-498B-AA09-492E88B12859}.Debug|ARM64.ActiveCfg = Debug|Any CPU
		{527B3F14-F13C-498B-AA09-492E88B12859}.Debug|ARM64.Build.0 = Debug|Any CPU
		{527B3F14-F13C-498B-AA09-492E88B12859}.Debug|x64.ActiveCfg = Debug|Any CPU
		{527B3F14-F13C-498B-AA09-492E88B12859}.Debug|x64.Build.0 = Debug|Any CPU
		{527B3F14-F13C-498B-AA09-492E88B12859}.Debug|x86.ActiveCfg = Debug|Any CPU
		{527B3F14-F13C-498B-AA09-492E88B12859}.Debug|x86.Build.0 = Debug|Any CPU
		{527B3F14-F13C-498B-AA09-492E88B12859}.Release|Any CPU.ActiveCfg = Release|Any CPU
		{527B3F14-F13C-498B-AA09-492E88B12859}.Release|Any CPU.Build.0 = Release|Any CPU
		{527B3F14-F13C-498B-AA09-492E88B12859}.Release|ARM.ActiveCfg = Release|Any CPU
		{527B3F14-F13C-498B-AA09-492E88B12859}.Release|ARM.Build.0 = Release|Any CPU
		{527B3F14-F13C-498B-AA09-492E88B12859}.Release|ARM64.ActiveCfg = Release|Any CPU
		{527B3F14-F13C-498B-AA09-492E88B12859}.Release|ARM64.Build.0 = Release|Any CPU
		{527B3F14-F13C-498B-AA09-492E88B12859}.Release|x64.ActiveCfg = Release|Any CPU
		{527B3F14-F13C-498B-AA09-492E88B12859}.Release|x64.Build.0 = Release|Any CPU
		{527B3F14-F13C-498B-AA09-492E88B12859}.Release|x86.ActiveCfg = Release|Any CPU
		{527B3F14-F13C-498B-AA09-492E88B12859}.Release|x86.Build.0 = Release|Any CPU
	EndGlobalSection
	GlobalSection(SolutionProperties) = preSolution
		HideSolutionNode = FALSE
	EndGlobalSection
	GlobalSection(NestedProjects) = preSolution
		{20D2FF2B-B853-4A30-AE88-82D7D603A925} = {4FF06135-1076-4130-969F-58B15F167A75}
		{EBE998E9-A323-421B-8C34-78D76844B0B6} = {4FF06135-1076-4130-969F-58B15F167A75}
		{A6EE72DF-2886-4393-9FEF-819FC5EC79CB} = {4FF06135-1076-4130-969F-58B15F167A75}
		{60A8649A-BCA1-488C-816C-A902F1DE4B18} = {4FF06135-1076-4130-969F-58B15F167A75}
		{FBDA817D-15C6-4EE4-8AC9-35CFB217CE2A} = {4FF06135-1076-4130-969F-58B15F167A75}
		{1354B534-5721-4B47-A3F7-C8D78E9AB20D} = {4FF06135-1076-4130-969F-58B15F167A75}
		{D24623F6-A4DB-4789-A540-7AFBE0DB0DCA} = {830146FF-4ABD-41DB-8B83-3C0D082C203D}
		{97A81CCD-CA61-48B9-A104-D7477AE156A0} = {4FF06135-1076-4130-969F-58B15F167A75}
		{3FA25F15-AC57-49B9-923B-7BDE802031E5} = {4FF06135-1076-4130-969F-58B15F167A75}
		{BD29FA18-F927-46CB-A153-F22D68287829} = {4FF06135-1076-4130-969F-58B15F167A75}
		{24C3C060-924D-4FF5-B9DB-0391BA9586B8} = {C27E5C6C-AA07-488C-AFB7-32F8C47D3798}
		{527B3F14-F13C-498B-AA09-492E88B12859} = {4FF06135-1076-4130-969F-58B15F167A75}
	EndGlobalSection
	GlobalSection(ExtensibilityGlobals) = postSolution
		SolutionGuid = {62566876-CEE6-4F63-8148-6803A85F5E50}
	EndGlobalSection
EndGlobal
